
Microsoft Visual Studio Solution File, Format Version 12.00
# Visual Studio Version 16
VisualStudioVersion = 16.0.31105.61
MinimumVisualStudioVersion = 10.0.40219.1
Project("{9A19103F-16F7-4668-BE54-9A1E7A4F7556}") = "SimpleShop", "SimpleShop\SimpleShop.csproj", "{4C69BFD0-B8E3-45C8-972C-160F641911C9}"
EndProject
Project("{9A19103F-16F7-4668-BE54-9A1E7A4F7556}") = "Application", "Application\Application.csproj", "{81B9F266-B47D-48BF-AF82-F74F468AEFF8}"
EndProject
Project("{9A19103F-16F7-4668-BE54-9A1E7A4F7556}") = "Domain", "Domain\Domain.csproj", "{633F67A7-016E-4173-8AE9-5B96D6F3DA21}"
EndProject
Project("{FAE04EC0-301F-11D3-BF4B-00C04F79EFBC}") = "SimpleShop.WebAPI", "SimpleShop.WebAPI\SimpleShop.WebAPI.csproj", "{ED015D9B-A650-4D2C-84D6-C467E106492E}"
EndProject
Project("{FAE04EC0-301F-11D3-BF4B-00C04F79EFBC}") = "SimpleShop.UI", "SimpleShop.UI\SimpleShop.UI.csproj", "{D0F66815-762B-4F68-8AC1-509EC5BFF159}"
EndProject
Global
	GlobalSection(SolutionConfigurationPlatforms) = preSolution
		Debug|Any CPU = Debug|Any CPU
		Release|Any CPU = Release|Any CPU
	EndGlobalSection
	GlobalSection(ProjectConfigurationPlatforms) = postSolution
		{4C69BFD0-B8E3-45C8-972C-160F641911C9}.Debug|Any CPU.ActiveCfg = Debug|Any CPU
		{4C69BFD0-B8E3-45C8-972C-160F641911C9}.Debug|Any CPU.Build.0 = Debug|Any CPU
		{4C69BFD0-B8E3-45C8-972C-160F641911C9}.Release|Any CPU.ActiveCfg = Release|Any CPU
		{4C69BFD0-B8E3-45C8-972C-160F641911C9}.Release|Any CPU.Build.0 = Release|Any CPU
		{81B9F266-B47D-48BF-AF82-F74F468AEFF8}.Debug|Any CPU.ActiveCfg = Debug|Any CPU
		{81B9F266-B47D-48BF-AF82-F74F468AEFF8}.Debug|Any CPU.Build.0 = Debug|Any CPU
		{81B9F266-B47D-48BF-AF82-F74F468AEFF8}.Release|Any CPU.ActiveCfg = Release|Any CPU
		{81B9F266-B47D-48BF-AF82-F74F468AEFF8}.Release|Any CPU.Build.0 = Release|Any CPU
		{633F67A7-016E-4173-8AE9-5B96D6F3DA21}.Debug|Any CPU.ActiveCfg = Debug|Any CPU
		{633F67A7-016E-4173-8AE9-5B96D6F3DA21}.Debug|Any CPU.Build.0 = Debug|Any CPU
		{633F67A7-016E-4173-8AE9-5B96D6F3DA21}.Release|Any CPU.ActiveCfg = Release|Any CPU
		{633F67A7-016E-4173-8AE9-5B96D6F3DA21}.Release|Any CPU.Build.0 = Release|Any CPU
		{ED015D9B-A650-4D2C-84D6-C467E106492E}.Debug|Any CPU.ActiveCfg = Debug|Any CPU
		{ED015D9B-A650-4D2C-84D6-C467E106492E}.Debug|Any CPU.Build.0 = Debug|Any CPU
		{ED015D9B-A650-4D2C-84D6-C467E106492E}.Release|Any CPU.ActiveCfg = Release|Any CPU
		{ED015D9B-A650-4D2C-84D6-C467E106492E}.Release|Any CPU.Build.0 = Release|Any CPU
		{D0F66815-762B-4F68-8AC1-509EC5BFF159}.Debug|Any CPU.ActiveCfg = Debug|Any CPU
		{D0F66815-762B-4F68-8AC1-509EC5BFF159}.Debug|Any CPU.Build.0 = Debug|Any CPU
		{D0F66815-762B-4F68-8AC1-509EC5BFF159}.Release|Any CPU.ActiveCfg = Release|Any CPU
		{D0F66815-762B-4F68-8AC1-509EC5BFF159}.Release|Any CPU.Build.0 = Release|Any CPU
	EndGlobalSection
	GlobalSection(SolutionProperties) = preSolution
		HideSolutionNode = FALSE
	EndGlobalSection
	GlobalSection(ExtensibilityGlobals) = postSolution
		SolutionGuid = {C23FC3A1-20DC-4F90-8AD0-D0C0E6BC41F3}
	EndGlobalSection
EndGlobal
